
Microsoft Visual Studio Solution File, Format Version 12.00
# Visual Studio Version 17
VisualStudioVersion = 17.9.34723.18
MinimumVisualStudioVersion = 10.0.40219.1
Project("{FAE04EC0-301F-11D3-BF4B-00C04F79EFBC}") = "WizardSpellTracker", "WizardSpellTracker.csproj", "{962BC108-5999-4E3B-8309-4F6ECD7BD6FC}"
EndProject
Global
	GlobalSection(SolutionConfigurationPlatforms) = preSolution
		Debug|Any CPU = Debug|Any CPU
		Release|Any CPU = Release|Any CPU
	EndGlobalSection
	GlobalSection(ProjectConfigurationPlatforms) = postSolution
		{962BC108-5999-4E3B-8309-4F6ECD7BD6FC}.Debug|Any CPU.ActiveCfg = Debug|Any CPU
		{962BC108-5999-4E3B-8309-4F6ECD7BD6FC}.Debug|Any CPU.Build.0 = Debug|Any CPU
		{962BC108-5999-4E3B-8309-4F6ECD7BD6FC}.Release|Any CPU.ActiveCfg = Release|Any CPU
		{962BC108-5999-4E3B-8309-4F6ECD7BD6FC}.Release|Any CPU.Build.0 = Release|Any CPU
	EndGlobalSection
	GlobalSection(SolutionProperties) = preSolution
		HideSolutionNode = FALSE
	EndGlobalSection
	GlobalSection(ExtensibilityGlobals) = postSolution
		SolutionGuid = {065E1E11-AB00-4D92-8277-A423A763513F}
	EndGlobalSection
EndGlobal
